
Microsoft Visual Studio Solution File, Format Version 12.00
# Visual Studio Version 17
VisualStudioVersion = 17.4.33213.308
MinimumVisualStudioVersion = 10.0.40219.1
Project("{FAE04EC0-301F-11D3-BF4B-00C04F79EFBC}") = "Practical", "Practical\Practical.csproj", "{13A76425-4946-4F55-BCB8-E393BFBE2E7D}"
EndProject
Global
	GlobalSection(SolutionConfigurationPlatforms) = preSolution
		Debug|Any CPU = Debug|Any CPU
		Release|Any CPU = Release|Any CPU
	EndGlobalSection
	GlobalSection(ProjectConfigurationPlatforms) = postSolution
		{13A76425-4946-4F55-BCB8-E393BFBE2E7D}.Debug|Any CPU.ActiveCfg = Debug|Any CPU
		{13A76425-4946-4F55-BCB8-E393BFBE2E7D}.Debug|Any CPU.Build.0 = Debug|Any CPU
		{13A76425-4946-4F55-BCB8-E393BFBE2E7D}.Release|Any CPU.ActiveCfg = Release|Any CPU
		{13A76425-4946-4F55-BCB8-E393BFBE2E7D}.Release|Any CPU.Build.0 = Release|Any CPU
	EndGlobalSection
	GlobalSection(SolutionProperties) = preSolution
		HideSolutionNode = FALSE
	EndGlobalSection
	GlobalSection(ExtensibilityGlobals) = postSolution
		SolutionGuid = {B689F44A-08A0-45A6-BF6D-8800F1D207D7}
	EndGlobalSection
EndGlobal
